
Microsoft Visual Studio Solution File, Format Version 12.00
# Visual Studio Version 17
VisualStudioVersion = 17.9.34701.34
MinimumVisualStudioVersion = 10.0.40219.1
Project("{FAE04EC0-301F-11D3-BF4B-00C04F79EFBC}") = "Automodder_2", "Automodder_2\Automodder_2.csproj", "{917F78DC-98D9-4A05-A123-773499BD65BF}"
EndProject
Global
	GlobalSection(SolutionConfigurationPlatforms) = preSolution
		Debug|Any CPU = Debug|Any CPU
		Release|Any CPU = Release|Any CPU
	EndGlobalSection
	GlobalSection(ProjectConfigurationPlatforms) = postSolution
		{917F78DC-98D9-4A05-A123-773499BD65BF}.Debug|Any CPU.ActiveCfg = Debug|Any CPU
		{917F78DC-98D9-4A05-A123-773499BD65BF}.Debug|Any CPU.Build.0 = Debug|Any CPU
		{917F78DC-98D9-4A05-A123-773499BD65BF}.Release|Any CPU.ActiveCfg = Release|Any CPU
		{917F78DC-98D9-4A05-A123-773499BD65BF}.Release|Any CPU.Build.0 = Release|Any CPU
	EndGlobalSection
	GlobalSection(SolutionProperties) = preSolution
		HideSolutionNode = FALSE
	EndGlobalSection
	GlobalSection(ExtensibilityGlobals) = postSolution
		SolutionGuid = {8C49677D-DBDF-4BFF-B04C-081B276EAA45}
	EndGlobalSection
EndGlobal
